PODS:
  - Bolts/Tasks (1.9.1)
  - Parse (1.18.0):
    - Parse/Core (= 1.18.0)
  - Parse/Core (1.18.0):
    - Bolts/Tasks (= 1.9.1)
  - Stripe (19.3.0)
  - "UITextView+Placeholder (1.4.0)"

DEPENDENCIES:
  - Parse
  - Stripe
  - "UITextView+Placeholder"

SPEC REPOS:
  trunk:
    - Bolts
    - Parse
    - Stripe
    - "UITextView+Placeholder"

SPEC CHECKSUMS:
  Bolts: 8c1e8aab2f603387b8b9924f57d1d64f43d3ffdc
  Parse: 79bdda34fdb7eb2a707a43a951c8aae236cb3e34
  Stripe: dd5bfdd5f1daed4f9ddbfb47e9449ec302f9f708
  "UITextView+Placeholder": d7b0c400921f66523f3a85d74f774512e14f6502

PODFILE CHECKSUM: 2d1f782501873eb771636cf8bacfeac401298da2

COCOAPODS: 1.9.3
