// !$*UTF8*$!
{
	archiveVersion = 1;
	classes = {
	};
	objectVersion = 51;
	objects = {

/* Begin PBXBuildFile section */
		3A314BF324C64BEE00435BBD /* NonprofitCollectionViewCell.m in Sources */ = {isa = PBXBuildFile; fileRef = 3A314BF224C64BEE00435BBD /* NonprofitCollectionViewCell.m */; };
		3ADA0A0E24BCEC8700627AAD /* AppDelegate.m in Sources */ = {isa = PBXBuildFile; fileRef = 3ADA0A0D24BCEC8700627AAD /* AppDelegate.m */; };
		3ADA0A1124BCEC8700627AAD /* SceneDelegate.m in Sources */ = {isa = PBXBuildFile; fileRef = 3ADA0A1024BCEC8700627AAD /* SceneDelegate.m */; };
		3ADA0A1424BCEC8700627AAD /* InitialLoginViewController.m in Sources */ = {isa = PBXBuildFile; fileRef = 3ADA0A1324BCEC8700627AAD /* InitialLoginViewController.m */; };
		3ADA0A1724BCEC8700627AAD /* Main.storyboard in Resources */ = {isa = PBXBuildFile; fileRef = 3ADA0A1524BCEC8700627AAD /* Main.storyboard */; };
		3ADA0A1924BCEC8800627AAD /* Assets.xcassets in Resources */ = {isa = PBXBuildFile; fileRef = 3ADA0A1824BCEC8800627AAD /* Assets.xcassets */; };
		3ADA0A1C24BCEC8800627AAD /* LaunchScreen.storyboard in Resources */ = {isa = PBXBuildFile; fileRef = 3ADA0A1A24BCEC8800627AAD /* LaunchScreen.storyboard */; };
		3ADA0A1F24BCEC8800627AAD /* main.m in Sources */ = {isa = PBXBuildFile; fileRef = 3ADA0A1E24BCEC8800627AAD /* main.m */; };
		3ADA0A2924BCEC8800627AAD /* Basket_Donation_PaymentsTests.m in Sources */ = {isa = PBXBuildFile; fileRef = 3ADA0A2824BCEC8800627AAD /* Basket_Donation_PaymentsTests.m */; };
		3ADA0A3424BCEC8800627AAD /* Basket_Donation_PaymentsUITests.m in Sources */ = {isa = PBXBuildFile; fileRef = 3ADA0A3324BCEC8800627AAD /* Basket_Donation_PaymentsUITests.m */; };
		3ADA0A4824BCFA0100627AAD /* APIKeysSecret.plist in Resources */ = {isa = PBXBuildFile; fileRef = 3ADA0A4724BCFA0100627AAD /* APIKeysSecret.plist */; };
		3ADA0A4C24BD173000627AAD /* User.m in Sources */ = {isa = PBXBuildFile; fileRef = 3ADA0A4B24BD173000627AAD /* User.m */; };
		3ADA0A4F24BD188600627AAD /* Nonprofit.m in Sources */ = {isa = PBXBuildFile; fileRef = 3ADA0A4E24BD188600627AAD /* Nonprofit.m */; };
		3ADA0A5224BD189100627AAD /* BasketTransaction.m in Sources */ = {isa = PBXBuildFile; fileRef = 3ADA0A5124BD189100627AAD /* BasketTransaction.m */; };
		3ADA0A5524BD1AD000627AAD /* Basket.m in Sources */ = {isa = PBXBuildFile; fileRef = 3ADA0A5424BD1AD000627AAD /* Basket.m */; };
		3ADA0A5824BE233600627AAD /* APIManager.m in Sources */ = {isa = PBXBuildFile; fileRef = 3ADA0A5724BE233600627AAD /* APIManager.m */; };
		3ADA0A5B24BE2BCC00627AAD /* UserSignupViewController.m in Sources */ = {isa = PBXBuildFile; fileRef = 3ADA0A5A24BE2BCC00627AAD /* UserSignupViewController.m */; };
		3ADA0A5E24BE2BD700627AAD /* NonprofitSignupViewController.m in Sources */ = {isa = PBXBuildFile; fileRef = 3ADA0A5D24BE2BD700627AAD /* NonprofitSignupViewController.m */; };
		3ADA0A6124BE2DE900627AAD /* ExploreFeedViewController.m in Sources */ = {isa = PBXBuildFile; fileRef = 3ADA0A6024BE2DE900627AAD /* ExploreFeedViewController.m */; };
		3ADA0A6424BE2E0800627AAD /* SearchViewController.m in Sources */ = {isa = PBXBuildFile; fileRef = 3ADA0A6324BE2E0800627AAD /* SearchViewController.m */; };
		3ADA0A6724BE2E4700627AAD /* AddBasketViewController.m in Sources */ = {isa = PBXBuildFile; fileRef = 3ADA0A6624BE2E4700627AAD /* AddBasketViewController.m */; };
		3ADA0A6A24BE2E5300627AAD /* ProfileViewController.m in Sources */ = {isa = PBXBuildFile; fileRef = 3ADA0A6924BE2E5300627AAD /* ProfileViewController.m */; };
		3ADA0A6D24BE340600627AAD /* BasketViewController.m in Sources */ = {isa = PBXBuildFile; fileRef = 3ADA0A6C24BE340600627AAD /* BasketViewController.m */; };
		3ADA0A7024BE340D00627AAD /* NonprofitViewController.m in Sources */ = {isa = PBXBuildFile; fileRef = 3ADA0A6F24BE340D00627AAD /* NonprofitViewController.m */; };
		3ADA0A7324BE65B200627AAD /* Utils.m in Sources */ = {isa = PBXBuildFile; fileRef = 3ADA0A7224BE65B200627AAD /* Utils.m */; };
		3ADA0A7624BF6E7F00627AAD /* BasketTableViewCell.m in Sources */ = {isa = PBXBuildFile; fileRef = 3ADA0A7524BF6E7F00627AAD /* BasketTableViewCell.m */; };
		877C000BF9470AABB63F80D9 /* Pods_Basket_Donation_Payments_Basket_Donation_PaymentsUITests.framework in Frameworks */ = {isa = PBXBuildFile; fileRef = 4BC602AE215BB31B15B63CBC /* Pods_Basket_Donation_Payments_Basket_Donation_PaymentsUITests.framework */; };
		A85E22FD5B54B1E7086DE619 /* Pods_Basket_Donation_Payments.framework in Frameworks */ = {isa = PBXBuildFile; fileRef = 1DD0BC44EE320C8EED25C944 /* Pods_Basket_Donation_Payments.framework */; };
		B55DB78745BDD2AA4613205C /* Pods_Basket_Donation_PaymentsTests.framework in Frameworks */ = {isa = PBXBuildFile; fileRef = CE56A46D69B6A4177FFAADA7 /* Pods_Basket_Donation_PaymentsTests.framework */; };
/* End PBXBuildFile section */

/* Begin PBXContainerItemProxy section */
		3ADA0A2524BCEC8800627AAD /* PBXContainerItemProxy */ = {
			isa = PBXContainerItemProxy;
			containerPortal = 3ADA0A0124BCEC8700627AAD /* Project object */;
			proxyType = 1;
			remoteGlobalIDString = 3ADA0A0824BCEC8700627AAD;
			remoteInfo = "Basket Donation Payments";
		};
		3ADA0A3024BCEC8800627AAD /* PBXContainerItemProxy */ = {
			isa = PBXContainerItemProxy;
			containerPortal = 3ADA0A0124BCEC8700627AAD /* Project object */;
			proxyType = 1;
			remoteGlobalIDString = 3ADA0A0824BCEC8700627AAD;
			remoteInfo = "Basket Donation Payments";
		};
/* End PBXContainerItemProxy section */

/* Begin PBXFileReference section */
		0B32B1F26DF85C62506B8493 /* Pods-Basket Donation Payments-Basket Donation PaymentsUITests.release.xcconfig */ = {isa = PBXFileReference; includeInIndex = 1; lastKnownFileType = text.xcconfig; name = "Pods-Basket Donation Payments-Basket Donation PaymentsUITests.release.xcconfig"; path = "Target Support Files/Pods-Basket Donation Payments-Basket Donation PaymentsUITests/Pods-Basket Donation Payments-Basket Donation PaymentsUITests.release.xcconfig"; sourceTree = "<group>"; };
		1DD0BC44EE320C8EED25C944 /* Pods_Basket_Donation_Payments.framework */ = {isa = PBXFileReference; explicitFileType = wrapper.framework; includeInIndex = 0; path = Pods_Basket_Donation_Payments.framework; sourceTree = BUILT_PRODUCTS_DIR; };
		3A314BF124C64BEE00435BBD /* NonprofitCollectionViewCell.h */ = {isa = PBXFileReference; lastKnownFileType = sourcecode.c.h; path = NonprofitCollectionViewCell.h; sourceTree = "<group>"; };
		3A314BF224C64BEE00435BBD /* NonprofitCollectionViewCell.m */ = {isa = PBXFileReference; lastKnownFileType = sourcecode.c.objc; path = NonprofitCollectionViewCell.m; sourceTree = "<group>"; };
		3ADA0A0924BCEC8700627AAD /* Basket Donation Payments.app */ = {isa = PBXFileReference; explicitFileType = wrapper.application; includeInIndex = 0; path = "Basket Donation Payments.app"; sourceTree = BUILT_PRODUCTS_DIR; };
		3ADA0A0C24BCEC8700627AAD /* AppDelegate.h */ = {isa = PBXFileReference; lastKnownFileType = sourcecode.c.h; path = AppDelegate.h; sourceTree = "<group>"; };
		3ADA0A0D24BCEC8700627AAD /* AppDelegate.m */ = {isa = PBXFileReference; lastKnownFileType = sourcecode.c.objc; path = AppDelegate.m; sourceTree = "<group>"; };
		3ADA0A0F24BCEC8700627AAD /* SceneDelegate.h */ = {isa = PBXFileReference; lastKnownFileType = sourcecode.c.h; path = SceneDelegate.h; sourceTree = "<group>"; };
		3ADA0A1024BCEC8700627AAD /* SceneDelegate.m */ = {isa = PBXFileReference; lastKnownFileType = sourcecode.c.objc; path = SceneDelegate.m; sourceTree = "<group>"; };
		3ADA0A1224BCEC8700627AAD /* InitialLoginViewController.h */ = {isa = PBXFileReference; lastKnownFileType = sourcecode.c.h; path = InitialLoginViewController.h; sourceTree = "<group>"; };
		3ADA0A1324BCEC8700627AAD /* InitialLoginViewController.m */ = {isa = PBXFileReference; lastKnownFileType = sourcecode.c.objc; path = InitialLoginViewController.m; sourceTree = "<group>"; };
		3ADA0A1624BCEC8700627AAD /* Base */ = {isa = PBXFileReference; lastKnownFileType = file.storyboard; name = Base; path = Base.lproj/Main.storyboard; sourceTree = "<group>"; };
		3ADA0A1824BCEC8800627AAD /* Assets.xcassets */ = {isa = PBXFileReference; lastKnownFileType = folder.assetcatalog; path = Assets.xcassets; sourceTree = "<group>"; };
		3ADA0A1B24BCEC8800627AAD /* Base */ = {isa = PBXFileReference; lastKnownFileType = file.storyboard; name = Base; path = Base.lproj/LaunchScreen.storyboard; sourceTree = "<group>"; };
		3ADA0A1D24BCEC8800627AAD /* Info.plist */ = {isa = PBXFileReference; lastKnownFileType = text.plist.xml; path = Info.plist; sourceTree = "<group>"; };
		3ADA0A1E24BCEC8800627AAD /* main.m */ = {isa = PBXFileReference; lastKnownFileType = sourcecode.c.objc; path = main.m; sourceTree = "<group>"; };
		3ADA0A2424BCEC8800627AAD /* Basket Donation PaymentsTests.xctest */ = {isa = PBXFileReference; explicitFileType = wrapper.cfbundle; includeInIndex = 0; path = "Basket Donation PaymentsTests.xctest"; sourceTree = BUILT_PRODUCTS_DIR; };
		3ADA0A2824BCEC8800627AAD /* Basket_Donation_PaymentsTests.m */ = {isa = PBXFileReference; lastKnownFileType = sourcecode.c.objc; path = Basket_Donation_PaymentsTests.m; sourceTree = "<group>"; };
		3ADA0A2A24BCEC8800627AAD /* Info.plist */ = {isa = PBXFileReference; lastKnownFileType = text.plist.xml; path = Info.plist; sourceTree = "<group>"; };
		3ADA0A2F24BCEC8800627AAD /* Basket Donation PaymentsUITests.xctest */ = {isa = PBXFileReference; explicitFileType = wrapper.cfbundle; includeInIndex = 0; path = "Basket Donation PaymentsUITests.xctest"; sourceTree = BUILT_PRODUCTS_DIR; };
		3ADA0A3324BCEC8800627AAD /* Basket_Donation_PaymentsUITests.m */ = {isa = PBXFileReference; lastKnownFileType = sourcecode.c.objc; path = Basket_Donation_PaymentsUITests.m; sourceTree = "<group>"; };
		3ADA0A3524BCEC8800627AAD /* Info.plist */ = {isa = PBXFileReference; lastKnownFileType = text.plist.xml; path = Info.plist; sourceTree = "<group>"; };
		3ADA0A4724BCFA0100627AAD /* APIKeysSecret.plist */ = {isa = PBXFileReference; lastKnownFileType = text.plist.xml; path = APIKeysSecret.plist; sourceTree = "<group>"; };
		3ADA0A4A24BD173000627AAD /* User.h */ = {isa = PBXFileReference; lastKnownFileType = sourcecode.c.h; path = User.h; sourceTree = "<group>"; };
		3ADA0A4B24BD173000627AAD /* User.m */ = {isa = PBXFileReference; lastKnownFileType = sourcecode.c.objc; path = User.m; sourceTree = "<group>"; };
		3ADA0A4D24BD188600627AAD /* Nonprofit.h */ = {isa = PBXFileReference; lastKnownFileType = sourcecode.c.h; path = Nonprofit.h; sourceTree = "<group>"; };
		3ADA0A4E24BD188600627AAD /* Nonprofit.m */ = {isa = PBXFileReference; lastKnownFileType = sourcecode.c.objc; path = Nonprofit.m; sourceTree = "<group>"; };
		3ADA0A5024BD189100627AAD /* BasketTransaction.h */ = {isa = PBXFileReference; lastKnownFileType = sourcecode.c.h; path = BasketTransaction.h; sourceTree = "<group>"; };
		3ADA0A5124BD189100627AAD /* BasketTransaction.m */ = {isa = PBXFileReference; lastKnownFileType = sourcecode.c.objc; path = BasketTransaction.m; sourceTree = "<group>"; };
		3ADA0A5324BD1AD000627AAD /* Basket.h */ = {isa = PBXFileReference; lastKnownFileType = sourcecode.c.h; path = Basket.h; sourceTree = "<group>"; };
		3ADA0A5424BD1AD000627AAD /* Basket.m */ = {isa = PBXFileReference; lastKnownFileType = sourcecode.c.objc; path = Basket.m; sourceTree = "<group>"; };
		3ADA0A5624BE233600627AAD /* APIManager.h */ = {isa = PBXFileReference; lastKnownFileType = sourcecode.c.h; path = APIManager.h; sourceTree = "<group>"; };
		3ADA0A5724BE233600627AAD /* APIManager.m */ = {isa = PBXFileReference; lastKnownFileType = sourcecode.c.objc; path = APIManager.m; sourceTree = "<group>"; };
		3ADA0A5924BE2BCC00627AAD /* UserSignupViewController.h */ = {isa = PBXFileReference; lastKnownFileType = sourcecode.c.h; path = UserSignupViewController.h; sourceTree = "<group>"; };
		3ADA0A5A24BE2BCC00627AAD /* UserSignupViewController.m */ = {isa = PBXFileReference; lastKnownFileType = sourcecode.c.objc; path = UserSignupViewController.m; sourceTree = "<group>"; };
		3ADA0A5C24BE2BD700627AAD /* NonprofitSignupViewController.h */ = {isa = PBXFileReference; lastKnownFileType = sourcecode.c.h; path = NonprofitSignupViewController.h; sourceTree = "<group>"; };
		3ADA0A5D24BE2BD700627AAD /* NonprofitSignupViewController.m */ = {isa = PBXFileReference; lastKnownFileType = sourcecode.c.objc; path = NonprofitSignupViewController.m; sourceTree = "<group>"; };
		3ADA0A5F24BE2DE900627AAD /* ExploreFeedViewController.h */ = {isa = PBXFileReference; lastKnownFileType = sourcecode.c.h; path = ExploreFeedViewController.h; sourceTree = "<group>"; };
		3ADA0A6024BE2DE900627AAD /* ExploreFeedViewController.m */ = {isa = PBXFileReference; lastKnownFileType = sourcecode.c.objc; path = ExploreFeedViewController.m; sourceTree = "<group>"; };
		3ADA0A6224BE2E0800627AAD /* SearchViewController.h */ = {isa = PBXFileReference; lastKnownFileType = sourcecode.c.h; path = SearchViewController.h; sourceTree = "<group>"; };
		3ADA0A6324BE2E0800627AAD /* SearchViewController.m */ = {isa = PBXFileReference; lastKnownFileType = sourcecode.c.objc; path = SearchViewController.m; sourceTree = "<group>"; };
		3ADA0A6524BE2E4700627AAD /* AddBasketViewController.h */ = {isa = PBXFileReference; lastKnownFileType = sourcecode.c.h; path = AddBasketViewController.h; sourceTree = "<group>"; };
		3ADA0A6624BE2E4700627AAD /* AddBasketViewController.m */ = {isa = PBXFileReference; lastKnownFileType = sourcecode.c.objc; path = AddBasketViewController.m; sourceTree = "<group>"; };
		3ADA0A6824BE2E5300627AAD /* ProfileViewController.h */ = {isa = PBXFileReference; lastKnownFileType = sourcecode.c.h; path = ProfileViewController.h; sourceTree = "<group>"; };
		3ADA0A6924BE2E5300627AAD /* ProfileViewController.m */ = {isa = PBXFileReference; lastKnownFileType = sourcecode.c.objc; path = ProfileViewController.m; sourceTree = "<group>"; };
		3ADA0A6B24BE340600627AAD /* BasketViewController.h */ = {isa = PBXFileReference; lastKnownFileType = sourcecode.c.h; path = BasketViewController.h; sourceTree = "<group>"; };
		3ADA0A6C24BE340600627AAD /* BasketViewController.m */ = {isa = PBXFileReference; lastKnownFileType = sourcecode.c.objc; path = BasketViewController.m; sourceTree = "<group>"; };
		3ADA0A6E24BE340D00627AAD /* NonprofitViewController.h */ = {isa = PBXFileReference; lastKnownFileType = sourcecode.c.h; path = NonprofitViewController.h; sourceTree = "<group>"; };
		3ADA0A6F24BE340D00627AAD /* NonprofitViewController.m */ = {isa = PBXFileReference; lastKnownFileType = sourcecode.c.objc; path = NonprofitViewController.m; sourceTree = "<group>"; };
		3ADA0A7124BE65B200627AAD /* Utils.h */ = {isa = PBXFileReference; lastKnownFileType = sourcecode.c.h; path = Utils.h; sourceTree = "<group>"; };
		3ADA0A7224BE65B200627AAD /* Utils.m */ = {isa = PBXFileReference; lastKnownFileType = sourcecode.c.objc; path = Utils.m; sourceTree = "<group>"; };
		3ADA0A7424BF6E7F00627AAD /* BasketTableViewCell.h */ = {isa = PBXFileReference; lastKnownFileType = sourcecode.c.h; path = BasketTableViewCell.h; sourceTree = "<group>"; };
		3ADA0A7524BF6E7F00627AAD /* BasketTableViewCell.m */ = {isa = PBXFileReference; lastKnownFileType = sourcecode.c.objc; path = BasketTableViewCell.m; sourceTree = "<group>"; };
		4BC602AE215BB31B15B63CBC /* Pods_Basket_Donation_Payments_Basket_Donation_PaymentsUITests.framework */ = {isa = PBXFileReference; explicitFileType = wrapper.framework; includeInIndex = 0; path = Pods_Basket_Donation_Payments_Basket_Donation_PaymentsUITests.framework; sourceTree = BUILT_PRODUCTS_DIR; };
		4F3B45FADF3FA4B278BFFF5E /* Pods-Basket Donation PaymentsTests.debug.xcconfig */ = {isa = PBXFileReference; includeInIndex = 1; lastKnownFileType = text.xcconfig; name = "Pods-Basket Donation PaymentsTests.debug.xcconfig"; path = "Target Support Files/Pods-Basket Donation PaymentsTests/Pods-Basket Donation PaymentsTests.debug.xcconfig"; sourceTree = "<group>"; };
		78144C372F64C45CB4BE24E5 /* Pods-Basket Donation Payments.debug.xcconfig */ = {isa = PBXFileReference; includeInIndex = 1; lastKnownFileType = text.xcconfig; name = "Pods-Basket Donation Payments.debug.xcconfig"; path = "Target Support Files/Pods-Basket Donation Payments/Pods-Basket Donation Payments.debug.xcconfig"; sourceTree = "<group>"; };
		8DE68129DF0121BD5BC279DB /* Pods-Basket Donation Payments.release.xcconfig */ = {isa = PBXFileReference; includeInIndex = 1; lastKnownFileType = text.xcconfig; name = "Pods-Basket Donation Payments.release.xcconfig"; path = "Target Support Files/Pods-Basket Donation Payments/Pods-Basket Donation Payments.release.xcconfig"; sourceTree = "<group>"; };
		AAD86B96A49921C9942DAC94 /* Pods-Basket Donation PaymentsTests.release.xcconfig */ = {isa = PBXFileReference; includeInIndex = 1; lastKnownFileType = text.xcconfig; name = "Pods-Basket Donation PaymentsTests.release.xcconfig"; path = "Target Support Files/Pods-Basket Donation PaymentsTests/Pods-Basket Donation PaymentsTests.release.xcconfig"; sourceTree = "<group>"; };
		CE56A46D69B6A4177FFAADA7 /* Pods_Basket_Donation_PaymentsTests.framework */ = {isa = PBXFileReference; explicitFileType = wrapper.framework; includeInIndex = 0; path = Pods_Basket_Donation_PaymentsTests.framework; sourceTree = BUILT_PRODUCTS_DIR; };
		D8350393F2D511C7954E79AB /* Pods-Basket Donation Payments-Basket Donation PaymentsUITests.debug.xcconfig */ = {isa = PBXFileReference; includeInIndex = 1; lastKnownFileType = text.xcconfig; name = "Pods-Basket Donation Payments-Basket Donation PaymentsUITests.debug.xcconfig"; path = "Target Support Files/Pods-Basket Donation Payments-Basket Donation PaymentsUITests/Pods-Basket Donation Payments-Basket Donation PaymentsUITests.debug.xcconfig"; sourceTree = "<group>"; };
/* End PBXFileReference section */

/* Begin PBXFrameworksBuildPhase section */
		3ADA0A0624BCEC8700627AAD /* Frameworks */ = {
			isa = PBXFrameworksBuildPhase;
			buildActionMask = 2147483647;
			files = (
				A85E22FD5B54B1E7086DE619 /* Pods_Basket_Donation_Payments.framework in Frameworks */,
			);
			runOnlyForDeploymentPostprocessing = 0;
		};
		3ADA0A2124BCEC8800627AAD /* Frameworks */ = {
			isa = PBXFrameworksBuildPhase;
			buildActionMask = 2147483647;
			files = (
				B55DB78745BDD2AA4613205C /* Pods_Basket_Donation_PaymentsTests.framework in Frameworks */,
			);
			runOnlyForDeploymentPostprocessing = 0;
		};
		3ADA0A2C24BCEC8800627AAD /* Frameworks */ = {
			isa = PBXFrameworksBuildPhase;
			buildActionMask = 2147483647;
			files = (
				877C000BF9470AABB63F80D9 /* Pods_Basket_Donation_Payments_Basket_Donation_PaymentsUITests.framework in Frameworks */,
			);
			runOnlyForDeploymentPostprocessing = 0;
		};
/* End PBXFrameworksBuildPhase section */

/* Begin PBXGroup section */
		06C6AA2AED98FFDB4A99B522 /* Frameworks */ = {
			isa = PBXGroup;
			children = (
				1DD0BC44EE320C8EED25C944 /* Pods_Basket_Donation_Payments.framework */,
				4BC602AE215BB31B15B63CBC /* Pods_Basket_Donation_Payments_Basket_Donation_PaymentsUITests.framework */,
				CE56A46D69B6A4177FFAADA7 /* Pods_Basket_Donation_PaymentsTests.framework */,
			);
			name = Frameworks;
			sourceTree = "<group>";
		};
		3ADA0A0024BCEC8700627AAD = {
			isa = PBXGroup;
			children = (
				3ADA0A0B24BCEC8700627AAD /* Basket-Donation-Payments */,
				3ADA0A2724BCEC8800627AAD /* Basket Donation PaymentsTests */,
				3ADA0A3224BCEC8800627AAD /* Basket Donation PaymentsUITests */,
				3ADA0A0A24BCEC8700627AAD /* Products */,
				F14C59D741EEB1C0F8B97F47 /* Pods */,
				06C6AA2AED98FFDB4A99B522 /* Frameworks */,
			);
			sourceTree = "<group>";
		};
		3ADA0A0A24BCEC8700627AAD /* Products */ = {
			isa = PBXGroup;
			children = (
				3ADA0A0924BCEC8700627AAD /* Basket Donation Payments.app */,
				3ADA0A2424BCEC8800627AAD /* Basket Donation PaymentsTests.xctest */,
				3ADA0A2F24BCEC8800627AAD /* Basket Donation PaymentsUITests.xctest */,
			);
			name = Products;
			sourceTree = "<group>";
		};
		3ADA0A0B24BCEC8700627AAD /* Basket-Donation-Payments */ = {
			isa = PBXGroup;
			children = (
				3AEE100224C0F4A8003421F5 /* New Group */,
				3ADA0A1A24BCEC8800627AAD /* LaunchScreen.storyboard */,
				3ADA0A1524BCEC8700627AAD /* Main.storyboard */,
				3ADA0A4124BCECAD00627AAD /* View Controllers */,
				3ADA0A4924BD171E00627AAD /* Models */,
				3ADA0A4224BCECB500627AAD /* Views */,
				3ADA0A0C24BCEC8700627AAD /* AppDelegate.h */,
				3ADA0A0D24BCEC8700627AAD /* AppDelegate.m */,
				3ADA0A0F24BCEC8700627AAD /* SceneDelegate.h */,
				3ADA0A1024BCEC8700627AAD /* SceneDelegate.m */,
				3ADA0A1824BCEC8800627AAD /* Assets.xcassets */,
				3ADA0A1D24BCEC8800627AAD /* Info.plist */,
				3ADA0A1E24BCEC8800627AAD /* main.m */,
				3ADA0A4724BCFA0100627AAD /* APIKeysSecret.plist */,
			);
			path = "Basket-Donation-Payments";
			sourceTree = "<group>";
		};
		3ADA0A2724BCEC8800627AAD /* Basket Donation PaymentsTests */ = {
			isa = PBXGroup;
			children = (
				3ADA0A2824BCEC8800627AAD /* Basket_Donation_PaymentsTests.m */,
				3ADA0A2A24BCEC8800627AAD /* Info.plist */,
			);
			path = "Basket Donation PaymentsTests";
			sourceTree = "<group>";
		};
		3ADA0A3224BCEC8800627AAD /* Basket Donation PaymentsUITests */ = {
			isa = PBXGroup;
			children = (
				3ADA0A3324BCEC8800627AAD /* Basket_Donation_PaymentsUITests.m */,
				3ADA0A3524BCEC8800627AAD /* Info.plist */,
			);
			path = "Basket Donation PaymentsUITests";
			sourceTree = "<group>";
		};
		3ADA0A4124BCECAD00627AAD /* View Controllers */ = {
			isa = PBXGroup;
			children = (
				3ADA0A1224BCEC8700627AAD /* InitialLoginViewController.h */,
				3ADA0A1324BCEC8700627AAD /* InitialLoginViewController.m */,
				3ADA0A5924BE2BCC00627AAD /* UserSignupViewController.h */,
				3ADA0A5A24BE2BCC00627AAD /* UserSignupViewController.m */,
				3ADA0A5C24BE2BD700627AAD /* NonprofitSignupViewController.h */,
				3ADA0A5D24BE2BD700627AAD /* NonprofitSignupViewController.m */,
				3ADA0A5F24BE2DE900627AAD /* ExploreFeedViewController.h */,
				3ADA0A6024BE2DE900627AAD /* ExploreFeedViewController.m */,
				3ADA0A6224BE2E0800627AAD /* SearchViewController.h */,
				3ADA0A6324BE2E0800627AAD /* SearchViewController.m */,
				3ADA0A6524BE2E4700627AAD /* AddBasketViewController.h */,
				3ADA0A6624BE2E4700627AAD /* AddBasketViewController.m */,
				3ADA0A6824BE2E5300627AAD /* ProfileViewController.h */,
				3ADA0A6924BE2E5300627AAD /* ProfileViewController.m */,
				3ADA0A6B24BE340600627AAD /* BasketViewController.h */,
				3ADA0A6C24BE340600627AAD /* BasketViewController.m */,
				3ADA0A6E24BE340D00627AAD /* NonprofitViewController.h */,
				3ADA0A6F24BE340D00627AAD /* NonprofitViewController.m */,
			);
			path = "View Controllers";
			sourceTree = "<group>";
		};
		3ADA0A4224BCECB500627AAD /* Views */ = {
			isa = PBXGroup;
			children = (
				3ADA0A7424BF6E7F00627AAD /* BasketTableViewCell.h */,
				3ADA0A7524BF6E7F00627AAD /* BasketTableViewCell.m */,
				3A314BF124C64BEE00435BBD /* NonprofitCollectionViewCell.h */,
				3A314BF224C64BEE00435BBD /* NonprofitCollectionViewCell.m */,
			);
			path = Views;
			sourceTree = "<group>";
		};
		3ADA0A4924BD171E00627AAD /* Models */ = {
			isa = PBXGroup;
			children = (
				3ADA0A4A24BD173000627AAD /* User.h */,
				3ADA0A4B24BD173000627AAD /* User.m */,
				3ADA0A4D24BD188600627AAD /* Nonprofit.h */,
				3ADA0A4E24BD188600627AAD /* Nonprofit.m */,
				3ADA0A5324BD1AD000627AAD /* Basket.h */,
				3ADA0A5424BD1AD000627AAD /* Basket.m */,
				3ADA0A5024BD189100627AAD /* BasketTransaction.h */,
				3ADA0A5124BD189100627AAD /* BasketTransaction.m */,
				3ADA0A5624BE233600627AAD /* APIManager.h */,
				3ADA0A5724BE233600627AAD /* APIManager.m */,
				3ADA0A7124BE65B200627AAD /* Utils.h */,
				3ADA0A7224BE65B200627AAD /* Utils.m */,
			);
			path = Models;
			sourceTree = "<group>";
		};
		3AEE100224C0F4A8003421F5 /* New Group */ = {
			isa = PBXGroup;
			children = (
			);
			path = "New Group";
			sourceTree = "<group>";
		};
		F14C59D741EEB1C0F8B97F47 /* Pods */ = {
			isa = PBXGroup;
			children = (
				78144C372F64C45CB4BE24E5 /* Pods-Basket Donation Payments.debug.xcconfig */,
				8DE68129DF0121BD5BC279DB /* Pods-Basket Donation Payments.release.xcconfig */,
				D8350393F2D511C7954E79AB /* Pods-Basket Donation Payments-Basket Donation PaymentsUITests.debug.xcconfig */,
				0B32B1F26DF85C62506B8493 /* Pods-Basket Donation Payments-Basket Donation PaymentsUITests.release.xcconfig */,
				4F3B45FADF3FA4B278BFFF5E /* Pods-Basket Donation PaymentsTests.debug.xcconfig */,
				AAD86B96A49921C9942DAC94 /* Pods-Basket Donation PaymentsTests.release.xcconfig */,
			);
			path = Pods;
			sourceTree = "<group>";
		};
/* End PBXGroup section */

/* Begin PBXNativeTarget section */
		3ADA0A0824BCEC8700627AAD /* Basket Donation Payments */ = {
			isa = PBXNativeTarget;
			buildConfigurationList = 3ADA0A3824BCEC8800627AAD /* Build configuration list for PBXNativeTarget "Basket Donation Payments" */;
			buildPhases = (
				9F52CB17CB1F295705EADD2B /* [CP] Check Pods Manifest.lock */,
				3ADA0A0524BCEC8700627AAD /* Sources */,
				3ADA0A0624BCEC8700627AAD /* Frameworks */,
				3ADA0A0724BCEC8700627AAD /* Resources */,
				6FEEBEE0649195012FCCD12D /* [CP] Embed Pods Frameworks */,
			);
			buildRules = (
			);
			dependencies = (
			);
			name = "Basket Donation Payments";
			productName = "Basket Donation Payments";
			productReference = 3ADA0A0924BCEC8700627AAD /* Basket Donation Payments.app */;
			productType = "com.apple.product-type.application";
		};
		3ADA0A2324BCEC8800627AAD /* Basket Donation PaymentsTests */ = {
			isa = PBXNativeTarget;
			buildConfigurationList = 3ADA0A3B24BCEC8800627AAD /* Build configuration list for PBXNativeTarget "Basket Donation PaymentsTests" */;
			buildPhases = (
				828436114D558B8412B07C17 /* [CP] Check Pods Manifest.lock */,
				3ADA0A2024BCEC8800627AAD /* Sources */,
				3ADA0A2124BCEC8800627AAD /* Frameworks */,
				3ADA0A2224BCEC8800627AAD /* Resources */,
			);
			buildRules = (
			);
			dependencies = (
				3ADA0A2624BCEC8800627AAD /* PBXTargetDependency */,
			);
			name = "Basket Donation PaymentsTests";
			productName = "Basket Donation PaymentsTests";
			productReference = 3ADA0A2424BCEC8800627AAD /* Basket Donation PaymentsTests.xctest */;
			productType = "com.apple.product-type.bundle.unit-test";
		};
		3ADA0A2E24BCEC8800627AAD /* Basket Donation PaymentsUITests */ = {
			isa = PBXNativeTarget;
			buildConfigurationList = 3ADA0A3E24BCEC8800627AAD /* Build configuration list for PBXNativeTarget "Basket Donation PaymentsUITests" */;
			buildPhases = (
				8592978D867240EEE8AD36D3 /* [CP] Check Pods Manifest.lock */,
				3ADA0A2B24BCEC8800627AAD /* Sources */,
				3ADA0A2C24BCEC8800627AAD /* Frameworks */,
				3ADA0A2D24BCEC8800627AAD /* Resources */,
				166E16CB06C078A0DCA6B04B /* [CP] Embed Pods Frameworks */,
			);
			buildRules = (
			);
			dependencies = (
				3ADA0A3124BCEC8800627AAD /* PBXTargetDependency */,
			);
			name = "Basket Donation PaymentsUITests";
			productName = "Basket Donation PaymentsUITests";
			productReference = 3ADA0A2F24BCEC8800627AAD /* Basket Donation PaymentsUITests.xctest */;
			productType = "com.apple.product-type.bundle.ui-testing";
		};
/* End PBXNativeTarget section */

/* Begin PBXProject section */
		3ADA0A0124BCEC8700627AAD /* Project object */ = {
			isa = PBXProject;
			attributes = {
				LastUpgradeCheck = 1150;
				ORGANIZATIONNAME = "Kristie Huang";
				TargetAttributes = {
					3ADA0A0824BCEC8700627AAD = {
						CreatedOnToolsVersion = 11.5;
					};
					3ADA0A2324BCEC8800627AAD = {
						CreatedOnToolsVersion = 11.5;
						TestTargetID = 3ADA0A0824BCEC8700627AAD;
					};
					3ADA0A2E24BCEC8800627AAD = {
						CreatedOnToolsVersion = 11.5;
						TestTargetID = 3ADA0A0824BCEC8700627AAD;
					};
				};
			};
			buildConfigurationList = 3ADA0A0424BCEC8700627AAD /* Build configuration list for PBXProject "Basket Donation Payments" */;
			compatibilityVersion = "Xcode 9.3";
			developmentRegion = en;
			hasScannedForEncodings = 0;
			knownRegions = (
				en,
				Base,
			);
			mainGroup = 3ADA0A0024BCEC8700627AAD;
			productRefGroup = 3ADA0A0A24BCEC8700627AAD /* Products */;
			projectDirPath = "";
			projectRoot = "";
			targets = (
				3ADA0A0824BCEC8700627AAD /* Basket Donation Payments */,
				3ADA0A2324BCEC8800627AAD /* Basket Donation PaymentsTests */,
				3ADA0A2E24BCEC8800627AAD /* Basket Donation PaymentsUITests */,
			);
		};
/* End PBXProject section */

/* Begin PBXResourcesBuildPhase section */
		3ADA0A0724BCEC8700627AAD /* Resources */ = {
			isa = PBXResourcesBuildPhase;
			buildActionMask = 2147483647;
			files = (
				3ADA0A1C24BCEC8800627AAD /* LaunchScreen.storyboard in Resources */,
				3ADA0A1924BCEC8800627AAD /* Assets.xcassets in Resources */,
				3ADA0A4824BCFA0100627AAD /* APIKeysSecret.plist in Resources */,
				3ADA0A1724BCEC8700627AAD /* Main.storyboard in Resources */,
			);
			runOnlyForDeploymentPostprocessing = 0;
		};
		3ADA0A2224BCEC8800627AAD /* Resources */ = {
			isa = PBXResourcesBuildPhase;
			buildActionMask = 2147483647;
			files = (
			);
			runOnlyForDeploymentPostprocessing = 0;
		};
		3ADA0A2D24BCEC8800627AAD /* Resources */ = {
			isa = PBXResourcesBuildPhase;
			buildActionMask = 2147483647;
			files = (
			);
			runOnlyForDeploymentPostprocessing = 0;
		};
/* End PBXResourcesBuildPhase section */

/* Begin PBXShellScriptBuildPhase section */
		166E16CB06C078A0DCA6B04B /* [CP] Embed Pods Frameworks */ = {
			isa = PBXShellScriptBuildPhase;
			buildActionMask = 2147483647;
			files = (
			);
			inputFileListPaths = (
				"${PODS_ROOT}/Target Support Files/Pods-Basket Donation Payments-Basket Donation PaymentsUITests/Pods-Basket Donation Payments-Basket Donation PaymentsUITests-frameworks-${CONFIGURATION}-input-files.xcfilelist",
			);
			name = "[CP] Embed Pods Frameworks";
			outputFileListPaths = (
				"${PODS_ROOT}/Target Support Files/Pods-Basket Donation Payments-Basket Donation PaymentsUITests/Pods-Basket Donation Payments-Basket Donation PaymentsUITests-frameworks-${CONFIGURATION}-output-files.xcfilelist",
			);
			runOnlyForDeploymentPostprocessing = 0;
			shellPath = /bin/sh;
			shellScript = "\"${PODS_ROOT}/Target Support Files/Pods-Basket Donation Payments-Basket Donation PaymentsUITests/Pods-Basket Donation Payments-Basket Donation PaymentsUITests-frameworks.sh\"\n";
			showEnvVarsInLog = 0;
		};
		6FEEBEE0649195012FCCD12D /* [CP] Embed Pods Frameworks */ = {
			isa = PBXShellScriptBuildPhase;
			buildActionMask = 2147483647;
			files = (
			);
			inputFileListPaths = (
				"${PODS_ROOT}/Target Support Files/Pods-Basket Donation Payments/Pods-Basket Donation Payments-frameworks-${CONFIGURATION}-input-files.xcfilelist",
			);
			name = "[CP] Embed Pods Frameworks";
			outputFileListPaths = (
				"${PODS_ROOT}/Target Support Files/Pods-Basket Donation Payments/Pods-Basket Donation Payments-frameworks-${CONFIGURATION}-output-files.xcfilelist",
			);
			runOnlyForDeploymentPostprocessing = 0;
			shellPath = /bin/sh;
			shellScript = "\"${PODS_ROOT}/Target Support Files/Pods-Basket Donation Payments/Pods-Basket Donation Payments-frameworks.sh\"\n";
			showEnvVarsInLog = 0;
		};
		828436114D558B8412B07C17 /* [CP] Check Pods Manifest.lock */ = {
			isa = PBXShellScriptBuildPhase;
			buildActionMask = 2147483647;
			files = (
			);
			inputFileListPaths = (
			);
			inputPaths = (
				"${PODS_PODFILE_DIR_PATH}/Podfile.lock",
				"${PODS_ROOT}/Manifest.lock",
			);
			name = "[CP] Check Pods Manifest.lock";
			outputFileListPaths = (
			);
			outputPaths = (
				"$(DERIVED_FILE_DIR)/Pods-Basket Donation PaymentsTests-checkManifestLockResult.txt",
			);
			runOnlyForDeploymentPostprocessing = 0;
			shellPath = /bin/sh;
			shellScript = "diff \"${PODS_PODFILE_DIR_PATH}/Podfile.lock\" \"${PODS_ROOT}/Manifest.lock\" > /dev/null\nif [ $? != 0 ] ; then\n    # print error to STDERR\n    echo \"error: The sandbox is not in sync with the Podfile.lock. Run 'pod install' or update your CocoaPods installation.\" >&2\n    exit 1\nfi\n# This output is used by Xcode 'outputs' to avoid re-running this script phase.\necho \"SUCCESS\" > \"${SCRIPT_OUTPUT_FILE_0}\"\n";
			showEnvVarsInLog = 0;
		};
		8592978D867240EEE8AD36D3 /* [CP] Check Pods Manifest.lock */ = {
			isa = PBXShellScriptBuildPhase;
			buildActionMask = 2147483647;
			files = (
			);
			inputFileListPaths = (
			);
			inputPaths = (
				"${PODS_PODFILE_DIR_PATH}/Podfile.lock",
				"${PODS_ROOT}/Manifest.lock",
			);
			name = "[CP] Check Pods Manifest.lock";
			outputFileListPaths = (
			);
			outputPaths = (
				"$(DERIVED_FILE_DIR)/Pods-Basket Donation Payments-Basket Donation PaymentsUITests-checkManifestLockResult.txt",
			);
			runOnlyForDeploymentPostprocessing = 0;
			shellPath = /bin/sh;
			shellScript = "diff \"${PODS_PODFILE_DIR_PATH}/Podfile.lock\" \"${PODS_ROOT}/Manifest.lock\" > /dev/null\nif [ $? != 0 ] ; then\n    # print error to STDERR\n    echo \"error: The sandbox is not in sync with the Podfile.lock. Run 'pod install' or update your CocoaPods installation.\" >&2\n    exit 1\nfi\n# This output is used by Xcode 'outputs' to avoid re-running this script phase.\necho \"SUCCESS\" > \"${SCRIPT_OUTPUT_FILE_0}\"\n";
			showEnvVarsInLog = 0;
		};
		9F52CB17CB1F295705EADD2B /* [CP] Check Pods Manifest.lock */ = {
			isa = PBXShellScriptBuildPhase;
			buildActionMask = 2147483647;
			files = (
			);
			inputFileListPaths = (
			);
			inputPaths = (
				"${PODS_PODFILE_DIR_PATH}/Podfile.lock",
				"${PODS_ROOT}/Manifest.lock",
			);
			name = "[CP] Check Pods Manifest.lock";
			outputFileListPaths = (
			);
			outputPaths = (
				"$(DERIVED_FILE_DIR)/Pods-Basket Donation Payments-checkManifestLockResult.txt",
			);
			runOnlyForDeploymentPostprocessing = 0;
			shellPath = /bin/sh;
			shellScript = "diff \"${PODS_PODFILE_DIR_PATH}/Podfile.lock\" \"${PODS_ROOT}/Manifest.lock\" > /dev/null\nif [ $? != 0 ] ; then\n    # print error to STDERR\n    echo \"error: The sandbox is not in sync with the Podfile.lock. Run 'pod install' or update your CocoaPods installation.\" >&2\n    exit 1\nfi\n# This output is used by Xcode 'outputs' to avoid re-running this script phase.\necho \"SUCCESS\" > \"${SCRIPT_OUTPUT_FILE_0}\"\n";
			showEnvVarsInLog = 0;
		};
/* End PBXShellScriptBuildPhase section */

/* Begin PBXSourcesBuildPhase section */
		3ADA0A0524BCEC8700627AAD /* Sources */ = {
			isa = PBXSourcesBuildPhase;
			buildActionMask = 2147483647;
			files = (
				3ADA0A6124BE2DE900627AAD /* ExploreFeedViewController.m in Sources */,
				3ADA0A7624BF6E7F00627AAD /* BasketTableViewCell.m in Sources */,
				3ADA0A6424BE2E0800627AAD /* SearchViewController.m in Sources */,
				3ADA0A5224BD189100627AAD /* BasketTransaction.m in Sources */,
				3ADA0A5E24BE2BD700627AAD /* NonprofitSignupViewController.m in Sources */,
				3ADA0A6A24BE2E5300627AAD /* ProfileViewController.m in Sources */,
				3ADA0A6724BE2E4700627AAD /* AddBasketViewController.m in Sources */,
				3ADA0A4C24BD173000627AAD /* User.m in Sources */,
				3ADA0A5824BE233600627AAD /* APIManager.m in Sources */,
				3ADA0A7024BE340D00627AAD /* NonprofitViewController.m in Sources */,
				3ADA0A7324BE65B200627AAD /* Utils.m in Sources */,
				3ADA0A5B24BE2BCC00627AAD /* UserSignupViewController.m in Sources */,
				3ADA0A1424BCEC8700627AAD /* InitialLoginViewController.m in Sources */,
				3ADA0A6D24BE340600627AAD /* BasketViewController.m in Sources */,
				3A314BF324C64BEE00435BBD /* NonprofitCollectionViewCell.m in Sources */,
				3ADA0A0E24BCEC8700627AAD /* AppDelegate.m in Sources */,
				3ADA0A1F24BCEC8800627AAD /* main.m in Sources */,
				3ADA0A5524BD1AD000627AAD /* Basket.m in Sources */,
				3ADA0A1124BCEC8700627AAD /* SceneDelegate.m in Sources */,
				3ADA0A4F24BD188600627AAD /* Nonprofit.m in Sources */,
			);
			runOnlyForDeploymentPostprocessing = 0;
		};
		3ADA0A2024BCEC8800627AAD /* Sources */ = {
			isa = PBXSourcesBuildPhase;
			buildActionMask = 2147483647;
			files = (
				3ADA0A2924BCEC8800627AAD /* Basket_Donation_PaymentsTests.m in Sources */,
			);
			runOnlyForDeploymentPostprocessing = 0;
		};
		3ADA0A2B24BCEC8800627AAD /* Sources */ = {
			isa = PBXSourcesBuildPhase;
			buildActionMask = 2147483647;
			files = (
				3ADA0A3424BCEC8800627AAD /* Basket_Donation_PaymentsUITests.m in Sources */,
			);
			runOnlyForDeploymentPostprocessing = 0;
		};
/* End PBXSourcesBuildPhase section */

/* Begin PBXTargetDependency section */
		3ADA0A2624BCEC8800627AAD /* PBXTargetDependency */ = {
			isa = PBXTargetDependency;
			target = 3ADA0A0824BCEC8700627AAD /* Basket Donation Payments */;
			targetProxy = 3ADA0A2524BCEC8800627AAD /* PBXContainerItemProxy */;
		};
		3ADA0A3124BCEC8800627AAD /* PBXTargetDependency */ = {
			isa = PBXTargetDependency;
			target = 3ADA0A0824BCEC8700627AAD /* Basket Donation Payments */;
			targetProxy = 3ADA0A3024BCEC8800627AAD /* PBXContainerItemProxy */;
		};
/* End PBXTargetDependency section */

/* Begin PBXVariantGroup section */
		3ADA0A1524BCEC8700627AAD /* Main.storyboard */ = {
			isa = PBXVariantGroup;
			children = (
				3ADA0A1624BCEC8700627AAD /* Base */,
			);
			name = Main.storyboard;
			sourceTree = "<group>";
		};
		3ADA0A1A24BCEC8800627AAD /* LaunchScreen.storyboard */ = {
			isa = PBXVariantGroup;
			children = (
				3ADA0A1B24BCEC8800627AAD /* Base */,
			);
			name = LaunchScreen.storyboard;
			sourceTree = "<group>";
		};
/* End PBXVariantGroup section */

/* Begin XCBuildConfiguration section */
		3ADA0A3624BCEC8800627AAD /* Debug */ = {
			isa = XCBuildConfiguration;
			buildSettings = {
				ALWAYS_SEARCH_USER_PATHS = NO;
				CLANG_ANALYZER_NONNULL = YES;
				CLANG_ANALYZER_NUMBER_OBJECT_CONVERSION = YES_AGGRESSIVE;
				CLANG_CXX_LANGUAGE_STANDARD = "gnu++14";
				CLANG_CXX_LIBRARY = "libc++";
				CLANG_ENABLE_MODULES = YES;
				CLANG_ENABLE_OBJC_ARC = YES;
				CLANG_ENABLE_OBJC_WEAK = YES;
				CLANG_WARN_BLOCK_CAPTURE_AUTORELEASING = YES;
				CLANG_WARN_BOOL_CONVERSION = YES;
				CLANG_WARN_COMMA = YES;
				CLANG_WARN_CONSTANT_CONVERSION = YES;
				CLANG_WARN_DEPRECATED_OBJC_IMPLEMENTATIONS = YES;
				CLANG_WARN_DIRECT_OBJC_ISA_USAGE = YES_ERROR;
				CLANG_WARN_DOCUMENTATION_COMMENTS = YES;
				CLANG_WARN_EMPTY_BODY = YES;
				CLANG_WARN_ENUM_CONVERSION = YES;
				CLANG_WARN_INFINITE_RECURSION = YES;
				CLANG_WARN_INT_CONVERSION = YES;
				CLANG_WARN_NON_LITERAL_NULL_CONVERSION = YES;
				CLANG_WARN_OBJC_IMPLICIT_RETAIN_SELF = YES;
				CLANG_WARN_OBJC_LITERAL_CONVERSION = YES;
				CLANG_WARN_OBJC_ROOT_CLASS = YES_ERROR;
				CLANG_WARN_RANGE_LOOP_ANALYSIS = YES;
				CLANG_WARN_STRICT_PROTOTYPES = YES;
				CLANG_WARN_SUSPICIOUS_MOVE = YES;
				CLANG_WARN_UNGUARDED_AVAILABILITY = YES_AGGRESSIVE;
				CLANG_WARN_UNREACHABLE_CODE = YES;
				CLANG_WARN__DUPLICATE_METHOD_MATCH = YES;
				COPY_PHASE_STRIP = NO;
				DEBUG_INFORMATION_FORMAT = dwarf;
				ENABLE_STRICT_OBJC_MSGSEND = YES;
				ENABLE_TESTABILITY = YES;
				GCC_C_LANGUAGE_STANDARD = gnu11;
				GCC_DYNAMIC_NO_PIC = NO;
				GCC_NO_COMMON_BLOCKS = YES;
				GCC_OPTIMIZATION_LEVEL = 0;
				GCC_PREPROCESSOR_DEFINITIONS = (
					"DEBUG=1",
					"$(inherited)",
				);
				GCC_WARN_64_TO_32_BIT_CONVERSION = YES;
				GCC_WARN_ABOUT_RETURN_TYPE = YES_ERROR;
				GCC_WARN_UNDECLARED_SELECTOR = YES;
				GCC_WARN_UNINITIALIZED_AUTOS = YES_AGGRESSIVE;
				GCC_WARN_UNUSED_FUNCTION = YES;
				GCC_WARN_UNUSED_VARIABLE = YES;
				IPHONEOS_DEPLOYMENT_TARGET = 13.5;
				MTL_ENABLE_DEBUG_INFO = INCLUDE_SOURCE;
				MTL_FAST_MATH = YES;
				ONLY_ACTIVE_ARCH = YES;
				SDKROOT = iphoneos;
			};
			name = Debug;
		};
		3ADA0A3724BCEC8800627AAD /* Release */ = {
			isa = XCBuildConfiguration;
			buildSettings = {
				ALWAYS_SEARCH_USER_PATHS = NO;
				CLANG_ANALYZER_NONNULL = YES;
				CLANG_ANALYZER_NUMBER_OBJECT_CONVERSION = YES_AGGRESSIVE;
				CLANG_CXX_LANGUAGE_STANDARD = "gnu++14";
				CLANG_CXX_LIBRARY = "libc++";
				CLANG_ENABLE_MODULES = YES;
				CLANG_ENABLE_OBJC_ARC = YES;
				CLANG_ENABLE_OBJC_WEAK = YES;
				CLANG_WARN_BLOCK_CAPTURE_AUTORELEASING = YES;
				CLANG_WARN_BOOL_CONVERSION = YES;
				CLANG_WARN_COMMA = YES;
				CLANG_WARN_CONSTANT_CONVERSION = YES;
				CLANG_WARN_DEPRECATED_OBJC_IMPLEMENTATIONS = YES;
				CLANG_WARN_DIRECT_OBJC_ISA_USAGE = YES_ERROR;
				CLANG_WARN_DOCUMENTATION_COMMENTS = YES;
				CLANG_WARN_EMPTY_BODY = YES;
				CLANG_WARN_ENUM_CONVERSION = YES;
				CLANG_WARN_INFINITE_RECURSION = YES;
				CLANG_WARN_INT_CONVERSION = YES;
				CLANG_WARN_NON_LITERAL_NULL_CONVERSION = YES;
				CLANG_WARN_OBJC_IMPLICIT_RETAIN_SELF = YES;
				CLANG_WARN_OBJC_LITERAL_CONVERSION = YES;
				CLANG_WARN_OBJC_ROOT_CLASS = YES_ERROR;
				CLANG_WARN_RANGE_LOOP_ANALYSIS = YES;
				CLANG_WARN_STRICT_PROTOTYPES = YES;
				CLANG_WARN_SUSPICIOUS_MOVE = YES;
				CLANG_WARN_UNGUARDED_AVAILABILITY = YES_AGGRESSIVE;
				CLANG_WARN_UNREACHABLE_CODE = YES;
				CLANG_WARN__DUPLICATE_METHOD_MATCH = YES;
				COPY_PHASE_STRIP = NO;
				DEBUG_INFORMATION_FORMAT = "dwarf-with-dsym";
				ENABLE_NS_ASSERTIONS = NO;
				ENABLE_STRICT_OBJC_MSGSEND = YES;
				GCC_C_LANGUAGE_STANDARD = gnu11;
				GCC_NO_COMMON_BLOCKS = YES;
				GCC_WARN_64_TO_32_BIT_CONVERSION = YES;
				GCC_WARN_ABOUT_RETURN_TYPE = YES_ERROR;
				GCC_WARN_UNDECLARED_SELECTOR = YES;
				GCC_WARN_UNINITIALIZED_AUTOS = YES_AGGRESSIVE;
				GCC_WARN_UNUSED_FUNCTION = YES;
				GCC_WARN_UNUSED_VARIABLE = YES;
				IPHONEOS_DEPLOYMENT_TARGET = 13.5;
				MTL_ENABLE_DEBUG_INFO = NO;
				MTL_FAST_MATH = YES;
				SDKROOT = iphoneos;
				VALIDATE_PRODUCT = YES;
			};
			name = Release;
		};
		3ADA0A3924BCEC8800627AAD /* Debug */ = {
			isa = XCBuildConfiguration;
			baseConfigurationReference = 78144C372F64C45CB4BE24E5 /* Pods-Basket Donation Payments.debug.xcconfig */;
			buildSettings = {
				ASSETCATALOG_COMPILER_APPICON_NAME = AppIcon;
				CODE_SIGN_STYLE = Automatic;
				DEVELOPMENT_TEAM = 45VCQ885ZT;
				INFOPLIST_FILE = "$(SRCROOT)/Basket-Donation-Payments/Info.plist";
				LD_RUNPATH_SEARCH_PATHS = (
					"$(inherited)",
					"@executable_path/Frameworks",
				);
				PRODUCT_BUNDLE_IDENTIFIER = "com.kristiehuang.Basket-Donation-Payments";
				PRODUCT_NAME = "$(TARGET_NAME)";
				TARGETED_DEVICE_FAMILY = "1,2";
			};
			name = Debug;
		};
		3ADA0A3A24BCEC8800627AAD /* Release */ = {
			isa = XCBuildConfiguration;
			baseConfigurationReference = 8DE68129DF0121BD5BC279DB /* Pods-Basket Donation Payments.release.xcconfig */;
			buildSettings = {
				ASSETCATALOG_COMPILER_APPICON_NAME = AppIcon;
				CODE_SIGN_STYLE = Automatic;
				DEVELOPMENT_TEAM = 45VCQ885ZT;
				INFOPLIST_FILE = "$(SRCROOT)/Basket-Donation-Payments/Info.plist";
				LD_RUNPATH_SEARCH_PATHS = (
					"$(inherited)",
					"@executable_path/Frameworks",
				);
				PRODUCT_BUNDLE_IDENTIFIER = "com.kristiehuang.Basket-Donation-Payments";
				PRODUCT_NAME = "$(TARGET_NAME)";
				TARGETED_DEVICE_FAMILY = "1,2";
			};
			name = Release;
		};
		3ADA0A3C24BCEC8800627AAD /* Debug */ = {
			isa = XCBuildConfiguration;
			baseConfigurationReference = 4F3B45FADF3FA4B278BFFF5E /* Pods-Basket Donation PaymentsTests.debug.xcconfig */;
			buildSettings = {
				BUNDLE_LOADER = "$(TEST_HOST)";
				CODE_SIGN_STYLE = Automatic;
				DEVELOPMENT_TEAM = 45VCQ885ZT;
				INFOPLIST_FILE = "Basket Donation PaymentsTests/Info.plist";
				IPHONEOS_DEPLOYMENT_TARGET = 13.5;
				LD_RUNPATH_SEARCH_PATHS = (
					"$(inherited)",
					"@executable_path/Frameworks",
					"@loader_path/Frameworks",
				);
				PRODUCT_BUNDLE_IDENTIFIER = "com.kristiehuang.Basket-Donation-PaymentsTests";
				PRODUCT_NAME = "$(TARGET_NAME)";
				TARGETED_DEVICE_FAMILY = "1,2";
				TEST_HOST = "$(BUILT_PRODUCTS_DIR)/Basket Donation Payments.app/Basket Donation Payments";
			};
			name = Debug;
		};
		3ADA0A3D24BCEC8800627AAD /* Release */ = {
			isa = XCBuildConfiguration;
			baseConfigurationReference = AAD86B96A49921C9942DAC94 /* Pods-Basket Donation PaymentsTests.release.xcconfig */;
			buildSettings = {
				BUNDLE_LOADER = "$(TEST_HOST)";
				CODE_SIGN_STYLE = Automatic;
				DEVELOPMENT_TEAM = 45VCQ885ZT;
				INFOPLIST_FILE = "Basket Donation PaymentsTests/Info.plist";
				IPHONEOS_DEPLOYMENT_TARGET = 13.5;
				LD_RUNPATH_SEARCH_PATHS = (
					"$(inherited)",
					"@executable_path/Frameworks",
					"@loader_path/Frameworks",
				);
				PRODUCT_BUNDLE_IDENTIFIER = "com.kristiehuang.Basket-Donation-PaymentsTests";
				PRODUCT_NAME = "$(TARGET_NAME)";
				TARGETED_DEVICE_FAMILY = "1,2";
				TEST_HOST = "$(BUILT_PRODUCTS_DIR)/Basket Donation Payments.app/Basket Donation Payments";
			};
			name = Release;
		};
		3ADA0A3F24BCEC8800627AAD /* Debug */ = {
			isa = XCBuildConfiguration;
			baseConfigurationReference = D8350393F2D511C7954E79AB /* Pods-Basket Donation Payments-Basket Donation PaymentsUITests.debug.xcconfig */;
			buildSettings = {
				CODE_SIGN_STYLE = Automatic;
				DEVELOPMENT_TEAM = 45VCQ885ZT;
				INFOPLIST_FILE = "Basket Donation PaymentsUITests/Info.plist";
				LD_RUNPATH_SEARCH_PATHS = (
					"$(inherited)",
					"@executable_path/Frameworks",
					"@loader_path/Frameworks",
				);
				PRODUCT_BUNDLE_IDENTIFIER = "com.kristiehuang.Basket-Donation-PaymentsUITests";
				PRODUCT_NAME = "$(TARGET_NAME)";
				TARGETED_DEVICE_FAMILY = "1,2";
				TEST_TARGET_NAME = "Basket Donation Payments";
			};
			name = Debug;
		};
		3ADA0A4024BCEC8800627AAD /* Release */ = {
			isa = XCBuildConfiguration;
			baseConfigurationReference = 0B32B1F26DF85C62506B8493 /* Pods-Basket Donation Payments-Basket Donation PaymentsUITests.release.xcconfig */;
			buildSettings = {
				CODE_SIGN_STYLE = Automatic;
				DEVELOPMENT_TEAM = 45VCQ885ZT;
				INFOPLIST_FILE = "Basket Donation PaymentsUITests/Info.plist";
				LD_RUNPATH_SEARCH_PATHS = (
					"$(inherited)",
					"@executable_path/Frameworks",
					"@loader_path/Frameworks",
				);
				PRODUCT_BUNDLE_IDENTIFIER = "com.kristiehuang.Basket-Donation-PaymentsUITests";
				PRODUCT_NAME = "$(TARGET_NAME)";
				TARGETED_DEVICE_FAMILY = "1,2";
				TEST_TARGET_NAME = "Basket Donation Payments";
			};
			name = Release;
		};
/* End XCBuildConfiguration section */

/* Begin XCConfigurationList section */
		3ADA0A0424BCEC8700627AAD /* Build configuration list for PBXProject "Basket Donation Payments" */ = {
			isa = XCConfigurationList;
			buildConfigurations = (
				3ADA0A3624BCEC8800627AAD /* Debug */,
				3ADA0A3724BCEC8800627AAD /* Release */,
			);
			defaultConfigurationIsVisible = 0;
			defaultConfigurationName = Release;
		};
		3ADA0A3824BCEC8800627AAD /* Build configuration list for PBXNativeTarget "Basket Donation Payments" */ = {
			isa = XCConfigurationList;
			buildConfigurations = (
				3ADA0A3924BCEC8800627AAD /* Debug */,
				3ADA0A3A24BCEC8800627AAD /* Release */,
			);
			defaultConfigurationIsVisible = 0;
			defaultConfigurationName = Release;
		};
		3ADA0A3B24BCEC8800627AAD /* Build configuration list for PBXNativeTarget "Basket Donation PaymentsTests" */ = {
			isa = XCConfigurationList;
			buildConfigurations = (
				3ADA0A3C24BCEC8800627AAD /* Debug */,
				3ADA0A3D24BCEC8800627AAD /* Release */,
			);
			defaultConfigurationIsVisible = 0;
			defaultConfigurationName = Release;
		};
		3ADA0A3E24BCEC8800627AAD /* Build configuration list for PBXNativeTarget "Basket Donation PaymentsUITests" */ = {
			isa = XCConfigurationList;
			buildConfigurations = (
				3ADA0A3F24BCEC8800627AAD /* Debug */,
				3ADA0A4024BCEC8800627AAD /* Release */,
			);
			defaultConfigurationIsVisible = 0;
			defaultConfigurationName = Release;
		};
/* End XCConfigurationList section */
	};
	rootObject = 3ADA0A0124BCEC8700627AAD /* Project object */;
}
